
Microsoft Visual Studio Solution File, Format Version 12.00
# Visual Studio Version 17
VisualStudioVersion = 17.12.35707.178 d17.12
MinimumVisualStudioVersion = 10.0.40219.1
Project("{FAE04EC0-301F-11D3-BF4B-00C04F79EFBC}") = "Lesson0. Classes, console output", "Lesson0. Classes, console output\Lesson0. Classes, console output.csproj", "{087689E4-DCC9-43A7-AD68-4B12C5D1465B}"
EndProject
Global
	GlobalSection(SolutionConfigurationPlatforms) = preSolution
		Debug|Any CPU = Debug|Any CPU
		Release|Any CPU = Release|Any CPU
	EndGlobalSection
	GlobalSection(ProjectConfigurationPlatforms) = postSolution
		{087689E4-DCC9-43A7-AD68-4B12C5D1465B}.Debug|Any CPU.ActiveCfg = Debug|Any CPU
		{087689E4-DCC9-43A7-AD68-4B12C5D1465B}.Debug|Any CPU.Build.0 = Debug|Any CPU
		{087689E4-DCC9-43A7-AD68-4B12C5D1465B}.Release|Any CPU.ActiveCfg = Release|Any CPU
		{087689E4-DCC9-43A7-AD68-4B12C5D1465B}.Release|Any CPU.Build.0 = Release|Any CPU
	EndGlobalSection
	GlobalSection(SolutionProperties) = preSolution
		HideSolutionNode = FALSE
	EndGlobalSection
EndGlobal
